
Microsoft Visual Studio Solution File, Format Version 12.00
# Visual Studio Version 17
VisualStudioVersion = 17.7.34202.233
MinimumVisualStudioVersion = 10.0.40219.1
Project("{FAE04EC0-301F-11D3-BF4B-00C04F79EFBC}") = "Ejercicio_C01", "Ejercicio_C01\Ejercicio_C01.csproj", "{527EBF48-0CC0-46D9-8E1C-90E1FC3EA7CF}"
EndProject
Project("{FAE04EC0-301F-11D3-BF4B-00C04F79EFBC}") = "Consola", "Consola\Consola.csproj", "{04918C5A-9F3C-4D02-BD3C-454F9D567B7F}"
EndProject
Global
	GlobalSection(SolutionConfigurationPlatforms) = preSolution
		Debug|Any CPU = Debug|Any CPU
		Release|Any CPU = Release|Any CPU
	EndGlobalSection
	GlobalSection(ProjectConfigurationPlatforms) = postSolution
		{527EBF48-0CC0-46D9-8E1C-90E1FC3EA7CF}.Debug|Any CPU.ActiveCfg = Debug|Any CPU
		{527EBF48-0CC0-46D9-8E1C-90E1FC3EA7CF}.Debug|Any CPU.Build.0 = Debug|Any CPU
		{527EBF48-0CC0-46D9-8E1C-90E1FC3EA7CF}.Release|Any CPU.ActiveCfg = Release|Any CPU
		{527EBF48-0CC0-46D9-8E1C-90E1FC3EA7CF}.Release|Any CPU.Build.0 = Release|Any CPU
		{04918C5A-9F3C-4D02-BD3C-454F9D567B7F}.Debug|Any CPU.ActiveCfg = Debug|Any CPU
		{04918C5A-9F3C-4D02-BD3C-454F9D567B7F}.Debug|Any CPU.Build.0 = Debug|Any CPU
		{04918C5A-9F3C-4D02-BD3C-454F9D567B7F}.Release|Any CPU.ActiveCfg = Release|Any CPU
		{04918C5A-9F3C-4D02-BD3C-454F9D567B7F}.Release|Any CPU.Build.0 = Release|Any CPU
	EndGlobalSection
	GlobalSection(SolutionProperties) = preSolution
		HideSolutionNode = FALSE
	EndGlobalSection
	GlobalSection(ExtensibilityGlobals) = postSolution
		SolutionGuid = {A0E3075E-FADE-46ED-886E-BFCAFEB75506}
	EndGlobalSection
EndGlobal
