
Microsoft Visual Studio Solution File, Format Version 12.00
# Visual Studio Version 17
VisualStudioVersion = 17.7.34031.279
MinimumVisualStudioVersion = 10.0.40219.1
Project("{9A19103F-16F7-4668-BE54-9A1E7A4F7556}") = "C01 - Cotizador Desktop", "C01 - Cotizador Desktop\C01 - Cotizador Desktop.csproj", "{B2B7DB16-8E4B-4B2D-9C47-30428EAF7990}"
EndProject
Project("{FAE04EC0-301F-11D3-BF4B-00C04F79EFBC}") = "Billetes", "Billetes\Billetes.csproj", "{9DF7E815-7416-4B50-9ED5-B6A4BA9DB4CB}"
EndProject
Global
	GlobalSection(SolutionConfigurationPlatforms) = preSolution
		Debug|Any CPU = Debug|Any CPU
		Release|Any CPU = Release|Any CPU
	EndGlobalSection
	GlobalSection(ProjectConfigurationPlatforms) = postSolution
		{B2B7DB16-8E4B-4B2D-9C47-30428EAF7990}.Debug|Any CPU.ActiveCfg = Debug|Any CPU
		{B2B7DB16-8E4B-4B2D-9C47-30428EAF7990}.Debug|Any CPU.Build.0 = Debug|Any CPU
		{B2B7DB16-8E4B-4B2D-9C47-30428EAF7990}.Release|Any CPU.ActiveCfg = Release|Any CPU
		{B2B7DB16-8E4B-4B2D-9C47-30428EAF7990}.Release|Any CPU.Build.0 = Release|Any CPU
		{9DF7E815-7416-4B50-9ED5-B6A4BA9DB4CB}.Debug|Any CPU.ActiveCfg = Debug|Any CPU
		{9DF7E815-7416-4B50-9ED5-B6A4BA9DB4CB}.Debug|Any CPU.Build.0 = Debug|Any CPU
		{9DF7E815-7416-4B50-9ED5-B6A4BA9DB4CB}.Release|Any CPU.ActiveCfg = Release|Any CPU
		{9DF7E815-7416-4B50-9ED5-B6A4BA9DB4CB}.Release|Any CPU.Build.0 = Release|Any CPU
	EndGlobalSection
	GlobalSection(SolutionProperties) = preSolution
		HideSolutionNode = FALSE
	EndGlobalSection
	GlobalSection(ExtensibilityGlobals) = postSolution
		SolutionGuid = {F4A83761-E24A-4A67-9C0F-60BAF945797D}
	EndGlobalSection
EndGlobal
