
Microsoft Visual Studio Solution File, Format Version 12.00
# Visual Studio Version 17
VisualStudioVersion = 17.7.34031.279
MinimumVisualStudioVersion = 10.0.40219.1
Project("{9A19103F-16F7-4668-BE54-9A1E7A4F7556}") = "Biblioteca", "Biblioteca\Biblioteca.csproj", "{31FE99D8-C51B-4534-8044-C156A3DCDA02}"
EndProject
Project("{FAE04EC0-301F-11D3-BF4B-00C04F79EFBC}") = "Main", "Main\Main.csproj", "{A2675949-7055-4D30-834B-CF4A4C3B9C33}"
EndProject
Global
	GlobalSection(SolutionConfigurationPlatforms) = preSolution
		Debug|Any CPU = Debug|Any CPU
		Release|Any CPU = Release|Any CPU
	EndGlobalSection
	GlobalSection(ProjectConfigurationPlatforms) = postSolution
		{31FE99D8-C51B-4534-8044-C156A3DCDA02}.Debug|Any CPU.ActiveCfg = Debug|Any CPU
		{31FE99D8-C51B-4534-8044-C156A3DCDA02}.Debug|Any CPU.Build.0 = Debug|Any CPU
		{31FE99D8-C51B-4534-8044-C156A3DCDA02}.Release|Any CPU.ActiveCfg = Release|Any CPU
		{31FE99D8-C51B-4534-8044-C156A3DCDA02}.Release|Any CPU.Build.0 = Release|Any CPU
		{A2675949-7055-4D30-834B-CF4A4C3B9C33}.Debug|Any CPU.ActiveCfg = Debug|Any CPU
		{A2675949-7055-4D30-834B-CF4A4C3B9C33}.Debug|Any CPU.Build.0 = Debug|Any CPU
		{A2675949-7055-4D30-834B-CF4A4C3B9C33}.Release|Any CPU.ActiveCfg = Release|Any CPU
		{A2675949-7055-4D30-834B-CF4A4C3B9C33}.Release|Any CPU.Build.0 = Release|Any CPU
	EndGlobalSection
	GlobalSection(SolutionProperties) = preSolution
		HideSolutionNode = FALSE
	EndGlobalSection
	GlobalSection(ExtensibilityGlobals) = postSolution
		SolutionGuid = {DB4BD7DD-9A9F-439A-8BF0-64F7EAFFD7FC}
	EndGlobalSection
EndGlobal
