
Microsoft Visual Studio Solution File, Format Version 12.00
# Visual Studio Version 17
VisualStudioVersion = 17.7.34031.279
MinimumVisualStudioVersion = 10.0.40219.1
Project("{FAE04EC0-301F-11D3-BF4B-00C04F79EFBC}") = "Ejercicio_I01", "Ejercicio_I01\Ejercicio_I01.csproj", "{BC8CB6A0-C268-4D75-BE4F-67573709A395}"
EndProject
Project("{FAE04EC0-301F-11D3-BF4B-00C04F79EFBC}") = "Consola", "Consola\Consola.csproj", "{82225E6E-B8CE-498E-BD24-B01449D0D511}"
EndProject
Global
	GlobalSection(SolutionConfigurationPlatforms) = preSolution
		Debug|Any CPU = Debug|Any CPU
		Release|Any CPU = Release|Any CPU
	EndGlobalSection
	GlobalSection(ProjectConfigurationPlatforms) = postSolution
		{BC8CB6A0-C268-4D75-BE4F-67573709A395}.Debug|Any CPU.ActiveCfg = Debug|Any CPU
		{BC8CB6A0-C268-4D75-BE4F-67573709A395}.Debug|Any CPU.Build.0 = Debug|Any CPU
		{BC8CB6A0-C268-4D75-BE4F-67573709A395}.Release|Any CPU.ActiveCfg = Release|Any CPU
		{BC8CB6A0-C268-4D75-BE4F-67573709A395}.Release|Any CPU.Build.0 = Release|Any CPU
		{82225E6E-B8CE-498E-BD24-B01449D0D511}.Debug|Any CPU.ActiveCfg = Debug|Any CPU
		{82225E6E-B8CE-498E-BD24-B01449D0D511}.Debug|Any CPU.Build.0 = Debug|Any CPU
		{82225E6E-B8CE-498E-BD24-B01449D0D511}.Release|Any CPU.ActiveCfg = Release|Any CPU
		{82225E6E-B8CE-498E-BD24-B01449D0D511}.Release|Any CPU.Build.0 = Release|Any CPU
	EndGlobalSection
	GlobalSection(SolutionProperties) = preSolution
		HideSolutionNode = FALSE
	EndGlobalSection
	GlobalSection(ExtensibilityGlobals) = postSolution
		SolutionGuid = {F9570389-6170-44F1-BD5B-134A510FF6BC}
	EndGlobalSection
EndGlobal
